
Microsoft Visual Studio Solution File, Format Version 12.00
# Visual Studio Version 17
VisualStudioVersion = 17.5.002.0
MinimumVisualStudioVersion = 10.0.40219.1
Project("{9A19103F-16F7-4668-BE54-9A1E7A4F7556}") = "CSAI", "CSAI\CSAI.csproj", "{D69EE0B6-C29A-418B-9BB1-300A49AB1BB8}"
EndProject
Global
	GlobalSection(SolutionConfigurationPlatforms) = preSolution
		Debug|Any CPU = Debug|Any CPU
		Release|Any CPU = Release|Any CPU
	EndGlobalSection
	GlobalSection(ProjectConfigurationPlatforms) = postSolution
		{D69EE0B6-C29A-418B-9BB1-300A49AB1BB8}.Debug|Any CPU.ActiveCfg = Debug|Any CPU
		{D69EE0B6-C29A-418B-9BB1-300A49AB1BB8}.Debug|Any CPU.Build.0 = Debug|Any CPU
		{D69EE0B6-C29A-418B-9BB1-300A49AB1BB8}.Release|Any CPU.ActiveCfg = Release|Any CPU
		{D69EE0B6-C29A-418B-9BB1-300A49AB1BB8}.Release|Any CPU.Build.0 = Release|Any CPU
	EndGlobalSection
	GlobalSection(SolutionProperties) = preSolution
		HideSolutionNode = FALSE
	EndGlobalSection
	GlobalSection(ExtensibilityGlobals) = postSolution
		SolutionGuid = {DA1AC00E-33F3-42FF-90F2-288AAE00CFBB}
	EndGlobalSection
EndGlobal
